
Microsoft Visual Studio Solution File, Format Version 12.00
# Visual Studio Version 17
VisualStudioVersion = 17.7.34018.315
MinimumVisualStudioVersion = 10.0.40219.1
Project("{9A19103F-16F7-4668-BE54-9A1E7A4F7556}") = "pruebas", "pruebas\pruebas.csproj", "{8F8A25C8-731D-4C8D-A622-2BA6A831CE1F}"
EndProject
Project("{9A19103F-16F7-4668-BE54-9A1E7A4F7556}") = "Entidades", "Entidades\Entidades.csproj", "{93F83603-E269-44CA-9F2C-73474D53B5D8}"
EndProject
Project("{FAE04EC0-301F-11D3-BF4B-00C04F79EFBC}") = "Interfaces", "Interfaces\Interfaces.csproj", "{D97AF37C-29ED-4C00-8EB3-F19345EDF041}"
EndProject
Global
	GlobalSection(SolutionConfigurationPlatforms) = preSolution
		Debug|Any CPU = Debug|Any CPU
		Release|Any CPU = Release|Any CPU
	EndGlobalSection
	GlobalSection(ProjectConfigurationPlatforms) = postSolution
		{8F8A25C8-731D-4C8D-A622-2BA6A831CE1F}.Debug|Any CPU.ActiveCfg = Debug|Any CPU
		{8F8A25C8-731D-4C8D-A622-2BA6A831CE1F}.Debug|Any CPU.Build.0 = Debug|Any CPU
		{8F8A25C8-731D-4C8D-A622-2BA6A831CE1F}.Release|Any CPU.ActiveCfg = Release|Any CPU
		{8F8A25C8-731D-4C8D-A622-2BA6A831CE1F}.Release|Any CPU.Build.0 = Release|Any CPU
		{93F83603-E269-44CA-9F2C-73474D53B5D8}.Debug|Any CPU.ActiveCfg = Debug|Any CPU
		{93F83603-E269-44CA-9F2C-73474D53B5D8}.Debug|Any CPU.Build.0 = Debug|Any CPU
		{93F83603-E269-44CA-9F2C-73474D53B5D8}.Release|Any CPU.ActiveCfg = Release|Any CPU
		{93F83603-E269-44CA-9F2C-73474D53B5D8}.Release|Any CPU.Build.0 = Release|Any CPU
		{D97AF37C-29ED-4C00-8EB3-F19345EDF041}.Debug|Any CPU.ActiveCfg = Debug|Any CPU
		{D97AF37C-29ED-4C00-8EB3-F19345EDF041}.Debug|Any CPU.Build.0 = Debug|Any CPU
		{D97AF37C-29ED-4C00-8EB3-F19345EDF041}.Release|Any CPU.ActiveCfg = Release|Any CPU
		{D97AF37C-29ED-4C00-8EB3-F19345EDF041}.Release|Any CPU.Build.0 = Release|Any CPU
	EndGlobalSection
	GlobalSection(SolutionProperties) = preSolution
		HideSolutionNode = FALSE
	EndGlobalSection
	GlobalSection(ExtensibilityGlobals) = postSolution
		SolutionGuid = {2DA118C8-D265-4F12-9277-0B967CE6345C}
	EndGlobalSection
EndGlobal
